// !$*UTF8*$!
{
	archiveVersion = 1;
	classes = {
	};
	objectVersion = 50;
	objects = {

/* Begin PBXBuildFile section */
		FAB702EF261A57DB001C2A25 /* User.swift in Sources */ = {isa = PBXBuildFile; fileRef = FAB702EE261A57DB001C2A25 /* User.swift */; };
		FAB702F8261A62DA001C2A25 /* AboutViewController.swift in Sources */ = {isa = PBXBuildFile; fileRef = FAB702F7261A62DA001C2A25 /* AboutViewController.swift */; };
		FAB702FB261A74F4001C2A25 /* Alert.swift in Sources */ = {isa = PBXBuildFile; fileRef = FAB702FA261A74F4001C2A25 /* Alert.swift */; };
		FAB70302261A85C5001C2A25 /* LinksViewController.swift in Sources */ = {isa = PBXBuildFile; fileRef = FAB70301261A85C5001C2A25 /* LinksViewController.swift */; };
		FAF398032614D6BF003E45B4 /* AppDelegate.swift in Sources */ = {isa = PBXBuildFile; fileRef = FAF398022614D6BF003E45B4 /* AppDelegate.swift */; };
		FAF398052614D6BF003E45B4 /* SceneDelegate.swift in Sources */ = {isa = PBXBuildFile; fileRef = FAF398042614D6BF003E45B4 /* SceneDelegate.swift */; };
		FAF398072614D6BF003E45B4 /* AuthorizationViewController.swift in Sources */ = {isa = PBXBuildFile; fileRef = FAF398062614D6BF003E45B4 /* AuthorizationViewController.swift */; };
		FAF3980A2614D6BF003E45B4 /* Main.storyboard in Resources */ = {isa = PBXBuildFile; fileRef = FAF398082614D6BF003E45B4 /* Main.storyboard */; };
		FAF3980C2614D6C0003E45B4 /* Assets.xcassets in Resources */ = {isa = PBXBuildFile; fileRef = FAF3980B2614D6C0003E45B4 /* Assets.xcassets */; };
		FAF3980F2614D6C0003E45B4 /* LaunchScreen.storyboard in Resources */ = {isa = PBXBuildFile; fileRef = FAF3980D2614D6C0003E45B4 /* LaunchScreen.storyboard */; };
		FAF398192614DC5A003E45B4 /* InAppViewController.swift in Sources */ = {isa = PBXBuildFile; fileRef = FAF398182614DC5A003E45B4 /* InAppViewController.swift */; };
/* End PBXBuildFile section */

/* Begin PBXFileReference section */
		FAB702EE261A57DB001C2A25 /* User.swift */ = {isa = PBXFileReference; lastKnownFileType = sourcecode.swift; path = User.swift; sourceTree = "<group>"; };
		FAB702F7261A62DA001C2A25 /* AboutViewController.swift */ = {isa = PBXFileReference; lastKnownFileType = sourcecode.swift; path = AboutViewController.swift; sourceTree = "<group>"; };
		FAB702FA261A74F4001C2A25 /* Alert.swift */ = {isa = PBXFileReference; lastKnownFileType = sourcecode.swift; path = Alert.swift; sourceTree = "<group>"; };
		FAB70301261A85C5001C2A25 /* LinksViewController.swift */ = {isa = PBXFileReference; lastKnownFileType = sourcecode.swift; path = LinksViewController.swift; sourceTree = "<group>"; };
		FAF397FF2614D6BF003E45B4 /* LoginLogoutApp.app */ = {isa = PBXFileReference; explicitFileType = wrapper.application; includeInIndex = 0; path = LoginLogoutApp.app; sourceTree = BUILT_PRODUCTS_DIR; };
		FAF398022614D6BF003E45B4 /* AppDelegate.swift */ = {isa = PBXFileReference; lastKnownFileType = sourcecode.swift; path = AppDelegate.swift; sourceTree = "<group>"; };
		FAF398042614D6BF003E45B4 /* SceneDelegate.swift */ = {isa = PBXFileReference; lastKnownFileType = sourcecode.swift; path = SceneDelegate.swift; sourceTree = "<group>"; };
		FAF398062614D6BF003E45B4 /* AuthorizationViewController.swift */ = {isa = PBXFileReference; lastKnownFileType = sourcecode.swift; path = AuthorizationViewController.swift; sourceTree = "<group>"; };
		FAF398092614D6BF003E45B4 /* Base */ = {isa = PBXFileReference; lastKnownFileType = file.storyboard; name = Base; path = Base.lproj/Main.storyboard; sourceTree = "<group>"; };
		FAF3980B2614D6C0003E45B4 /* Assets.xcassets */ = {isa = PBXFileReference; lastKnownFileType = folder.assetcatalog; path = Assets.xcassets; sourceTree = "<group>"; };
		FAF3980E2614D6C0003E45B4 /* Base */ = {isa = PBXFileReference; lastKnownFileType = file.storyboard; name = Base; path = Base.lproj/LaunchScreen.storyboard; sourceTree = "<group>"; };
		FAF398102614D6C0003E45B4 /* Info.plist */ = {isa = PBXFileReference; lastKnownFileType = text.plist.xml; path = Info.plist; sourceTree = "<group>"; };
		FAF398182614DC5A003E45B4 /* InAppViewController.swift */ = {isa = PBXFileReference; lastKnownFileType = sourcecode.swift; path = InAppViewController.swift; sourceTree = "<group>"; };
/* End PBXFileReference section */

/* Begin PBXFrameworksBuildPhase section */
		FAF397FC2614D6BF003E45B4 /* Frameworks */ = {
			isa = PBXFrameworksBuildPhase;
			buildActionMask = 2147483647;
			files = (
			);
			runOnlyForDeploymentPostprocessing = 0;
		};
/* End PBXFrameworksBuildPhase section */

/* Begin PBXGroup section */
		FAB702E7261A55E0001C2A25 /* ViewControllers */ = {
			isa = PBXGroup;
			children = (
				FAF398062614D6BF003E45B4 /* AuthorizationViewController.swift */,
				FAF398182614DC5A003E45B4 /* InAppViewController.swift */,
				FAB702F7261A62DA001C2A25 /* AboutViewController.swift */,
				FAB70301261A85C5001C2A25 /* LinksViewController.swift */,
			);
			path = ViewControllers;
			sourceTree = "<group>";
		};
		FAB702E9261A5671001C2A25 /* Storyboards */ = {
			isa = PBXGroup;
			children = (
				FAF398082614D6BF003E45B4 /* Main.storyboard */,
				FAF3980D2614D6C0003E45B4 /* LaunchScreen.storyboard */,
			);
			path = Storyboards;
			sourceTree = "<group>";
		};
		FAB702EA261A5695001C2A25 /* Supporting */ = {
			isa = PBXGroup;
			children = (
				FAF398022614D6BF003E45B4 /* AppDelegate.swift */,
				FAF398042614D6BF003E45B4 /* SceneDelegate.swift */,
				FAF398102614D6C0003E45B4 /* Info.plist */,
			);
			path = Supporting;
			sourceTree = "<group>";
		};
		FAB702EC261A56A7001C2A25 /* Resources */ = {
			isa = PBXGroup;
			children = (
				FAF3980B2614D6C0003E45B4 /* Assets.xcassets */,
			);
			path = Resources;
			sourceTree = "<group>";
		};
		FAB702F3261A57F6001C2A25 /* Models */ = {
			isa = PBXGroup;
			children = (
				FAB702EE261A57DB001C2A25 /* User.swift */,
				FAB702FA261A74F4001C2A25 /* Alert.swift */,
			);
			path = Models;
			sourceTree = "<group>";
		};
		FAF397F62614D6BF003E45B4 = {
			isa = PBXGroup;
			children = (
				FAF398012614D6BF003E45B4 /* LoginLogoutApp */,
				FAF398002614D6BF003E45B4 /* Products */,
			);
			sourceTree = "<group>";
		};
		FAF398002614D6BF003E45B4 /* Products */ = {
			isa = PBXGroup;
			children = (
				FAF397FF2614D6BF003E45B4 /* LoginLogoutApp.app */,
			);
			name = Products;
			sourceTree = "<group>";
		};
		FAF398012614D6BF003E45B4 /* LoginLogoutApp */ = {
			isa = PBXGroup;
			children = (
				FAB702E7261A55E0001C2A25 /* ViewControllers */,
				FAB702F3261A57F6001C2A25 /* Models */,
				FAB702E9261A5671001C2A25 /* Storyboards */,
				FAB702EA261A5695001C2A25 /* Supporting */,
				FAB702EC261A56A7001C2A25 /* Resources */,
			);
			path = LoginLogoutApp;
			sourceTree = "<group>";
		};
/* End PBXGroup section */

/* Begin PBXNativeTarget section */
		FAF397FE2614D6BF003E45B4 /* LoginLogoutApp */ = {
			isa = PBXNativeTarget;
			buildConfigurationList = FAF398132614D6C0003E45B4 /* Build configuration list for PBXNativeTarget "LoginLogoutApp" */;
			buildPhases = (
				FAF397FB2614D6BF003E45B4 /* Sources */,
				FAF397FC2614D6BF003E45B4 /* Frameworks */,
				FAF397FD2614D6BF003E45B4 /* Resources */,
			);
			buildRules = (
			);
			dependencies = (
			);
			name = LoginLogoutApp;
			productName = LoginLogoutApp;
			productReference = FAF397FF2614D6BF003E45B4 /* LoginLogoutApp.app */;
			productType = "com.apple.product-type.application";
		};
/* End PBXNativeTarget section */

/* Begin PBXProject section */
		FAF397F72614D6BF003E45B4 /* Project object */ = {
			isa = PBXProject;
			attributes = {
				LastSwiftUpdateCheck = 1240;
				LastUpgradeCheck = 1240;
				TargetAttributes = {
					FAF397FE2614D6BF003E45B4 = {
						CreatedOnToolsVersion = 12.4;
					};
				};
			};
			buildConfigurationList = FAF397FA2614D6BF003E45B4 /* Build configuration list for PBXProject "LoginLogoutApp" */;
			compatibilityVersion = "Xcode 9.3";
			developmentRegion = en;
			hasScannedForEncodings = 0;
			knownRegions = (
				en,
				Base,
			);
			mainGroup = FAF397F62614D6BF003E45B4;
			productRefGroup = FAF398002614D6BF003E45B4 /* Products */;
			projectDirPath = "";
			projectRoot = "";
			targets = (
				FAF397FE2614D6BF003E45B4 /* LoginLogoutApp */,
			);
		};
/* End PBXProject section */

/* Begin PBXResourcesBuildPhase section */
		FAF397FD2614D6BF003E45B4 /* Resources */ = {
			isa = PBXResourcesBuildPhase;
			buildActionMask = 2147483647;
			files = (
				FAF3980F2614D6C0003E45B4 /* LaunchScreen.storyboard in Resources */,
				FAF3980C2614D6C0003E45B4 /* Assets.xcassets in Resources */,
				FAF3980A2614D6BF003E45B4 /* Main.storyboard in Resources */,
			);
			runOnlyForDeploymentPostprocessing = 0;
		};
/* End PBXResourcesBuildPhase section */

/* Begin PBXSourcesBuildPhase section */
		FAF397FB2614D6BF003E45B4 /* Sources */ = {
			isa = PBXSourcesBuildPhase;
			buildActionMask = 2147483647;
			files = (
				FAB702F8261A62DA001C2A25 /* AboutViewController.swift in Sources */,
				FAF398072614D6BF003E45B4 /* AuthorizationViewController.swift in Sources */,
				FAF398032614D6BF003E45B4 /* AppDelegate.swift in Sources */,
				FAF398052614D6BF003E45B4 /* SceneDelegate.swift in Sources */,
				FAB702EF261A57DB001C2A25 /* User.swift in Sources */,
				FAB70302261A85C5001C2A25 /* LinksViewController.swift in Sources */,
				FAF398192614DC5A003E45B4 /* InAppViewController.swift in Sources */,
				FAB702FB261A74F4001C2A25 /* Alert.swift in Sources */,
			);
			runOnlyForDeploymentPostprocessing = 0;
		};
/* End PBXSourcesBuildPhase section */

/* Begin PBXVariantGroup section */
		FAF398082614D6BF003E45B4 /* Main.storyboard */ = {
			isa = PBXVariantGroup;
			children = (
				FAF398092614D6BF003E45B4 /* Base */,
			);
			name = Main.storyboard;
			sourceTree = "<group>";
		};
		FAF3980D2614D6C0003E45B4 /* LaunchScreen.storyboard */ = {
			isa = PBXVariantGroup;
			children = (
				FAF3980E2614D6C0003E45B4 /* Base */,
			);
			name = LaunchScreen.storyboard;
			sourceTree = "<group>";
		};
/* End PBXVariantGroup section */

/* Begin XCBuildConfiguration section */
		FAF398112614D6C0003E45B4 /* Debug */ = {
			isa = XCBuildConfiguration;
			buildSettings = {
				ALWAYS_SEARCH_USER_PATHS = NO;
				CLANG_ANALYZER_NONNULL = YES;
				CLANG_ANALYZER_NUMBER_OBJECT_CONVERSION = YES_AGGRESSIVE;
				CLANG_CXX_LANGUAGE_STANDARD = "gnu++14";
				CLANG_CXX_LIBRARY = "libc++";
				CLANG_ENABLE_MODULES = YES;
				CLANG_ENABLE_OBJC_ARC = YES;
				CLANG_ENABLE_OBJC_WEAK = YES;
				CLANG_WARN_BLOCK_CAPTURE_AUTORELEASING = YES;
				CLANG_WARN_BOOL_CONVERSION = YES;
				CLANG_WARN_COMMA = YES;
				CLANG_WARN_CONSTANT_CONVERSION = YES;
				CLANG_WARN_DEPRECATED_OBJC_IMPLEMENTATIONS = YES;
				CLANG_WARN_DIRECT_OBJC_ISA_USAGE = YES_ERROR;
				CLANG_WARN_DOCUMENTATION_COMMENTS = YES;
				CLANG_WARN_EMPTY_BODY = YES;
				CLANG_WARN_ENUM_CONVERSION = YES;
				CLANG_WARN_INFINITE_RECURSION = YES;
				CLANG_WARN_INT_CONVERSION = YES;
				CLANG_WARN_NON_LITERAL_NULL_CONVERSION = YES;
				CLANG_WARN_OBJC_IMPLICIT_RETAIN_SELF = YES;
				CLANG_WARN_OBJC_LITERAL_CONVERSION = YES;
				CLANG_WARN_OBJC_ROOT_CLASS = YES_ERROR;
				CLANG_WARN_QUOTED_INCLUDE_IN_FRAMEWORK_HEADER = YES;
				CLANG_WARN_RANGE_LOOP_ANALYSIS = YES;
				CLANG_WARN_STRICT_PROTOTYPES = YES;
				CLANG_WARN_SUSPICIOUS_MOVE = YES;
				CLANG_WARN_UNGUARDED_AVAILABILITY = YES_AGGRESSIVE;
				CLANG_WARN_UNREACHABLE_CODE = YES;
				CLANG_WARN__DUPLICATE_METHOD_MATCH = YES;
				COPY_PHASE_STRIP = NO;
				DEBUG_INFORMATION_FORMAT = dwarf;
				ENABLE_STRICT_OBJC_MSGSEND = YES;
				ENABLE_TESTABILITY = YES;
				GCC_C_LANGUAGE_STANDARD = gnu11;
				GCC_DYNAMIC_NO_PIC = NO;
				GCC_NO_COMMON_BLOCKS = YES;
				GCC_OPTIMIZATION_LEVEL = 0;
				GCC_PREPROCESSOR_DEFINITIONS = (
					"DEBUG=1",
					"$(inherited)",
				);
				GCC_WARN_64_TO_32_BIT_CONVERSION = YES;
				GCC_WARN_ABOUT_RETURN_TYPE = YES_ERROR;
				GCC_WARN_UNDECLARED_SELECTOR = YES;
				GCC_WARN_UNINITIALIZED_AUTOS = YES_AGGRESSIVE;
				GCC_WARN_UNUSED_FUNCTION = YES;
				GCC_WARN_UNUSED_VARIABLE = YES;
				IPHONEOS_DEPLOYMENT_TARGET = 13.6;
				MTL_ENABLE_DEBUG_INFO = INCLUDE_SOURCE;
				MTL_FAST_MATH = YES;
				ONLY_ACTIVE_ARCH = YES;
				SDKROOT = iphoneos;
				SWIFT_ACTIVE_COMPILATION_CONDITIONS = DEBUG;
				SWIFT_OPTIMIZATION_LEVEL = "-Onone";
			};
			name = Debug;
		};
		FAF398122614D6C0003E45B4 /* Release */ = {
			isa = XCBuildConfiguration;
			buildSettings = {
				ALWAYS_SEARCH_USER_PATHS = NO;
				CLANG_ANALYZER_NONNULL = YES;
				CLANG_ANALYZER_NUMBER_OBJECT_CONVERSION = YES_AGGRESSIVE;
				CLANG_CXX_LANGUAGE_STANDARD = "gnu++14";
				CLANG_CXX_LIBRARY = "libc++";
				CLANG_ENABLE_MODULES = YES;
				CLANG_ENABLE_OBJC_ARC = YES;
				CLANG_ENABLE_OBJC_WEAK = YES;
				CLANG_WARN_BLOCK_CAPTURE_AUTORELEASING = YES;
				CLANG_WARN_BOOL_CONVERSION = YES;
				CLANG_WARN_COMMA = YES;
				CLANG_WARN_CONSTANT_CONVERSION = YES;
				CLANG_WARN_DEPRECATED_OBJC_IMPLEMENTATIONS = YES;
				CLANG_WARN_DIRECT_OBJC_ISA_USAGE = YES_ERROR;
				CLANG_WARN_DOCUMENTATION_COMMENTS = YES;
				CLANG_WARN_EMPTY_BODY = YES;
				CLANG_WARN_ENUM_CONVERSION = YES;
				CLANG_WARN_INFINITE_RECURSION = YES;
				CLANG_WARN_INT_CONVERSION = YES;
				CLANG_WARN_NON_LITERAL_NULL_CONVERSION = YES;
				CLANG_WARN_OBJC_IMPLICIT_RETAIN_SELF = YES;
				CLANG_WARN_OBJC_LITERAL_CONVERSION = YES;
				CLANG_WARN_OBJC_ROOT_CLASS = YES_ERROR;
				CLANG_WARN_QUOTED_INCLUDE_IN_FRAMEWORK_HEADER = YES;
				CLANG_WARN_RANGE_LOOP_ANALYSIS = YES;
				CLANG_WARN_STRICT_PROTOTYPES = YES;
				CLANG_WARN_SUSPICIOUS_MOVE = YES;
				CLANG_WARN_UNGUARDED_AVAILABILITY = YES_AGGRESSIVE;
				CLANG_WARN_UNREACHABLE_CODE = YES;
				CLANG_WARN__DUPLICATE_METHOD_MATCH = YES;
				COPY_PHASE_STRIP = NO;
				DEBUG_INFORMATION_FORMAT = "dwarf-with-dsym";
				ENABLE_NS_ASSERTIONS = NO;
				ENABLE_STRICT_OBJC_MSGSEND = YES;
				GCC_C_LANGUAGE_STANDARD = gnu11;
				GCC_NO_COMMON_BLOCKS = YES;
				GCC_WARN_64_TO_32_BIT_CONVERSION = YES;
				GCC_WARN_ABOUT_RETURN_TYPE = YES_ERROR;
				GCC_WARN_UNDECLARED_SELECTOR = YES;
				GCC_WARN_UNINITIALIZED_AUTOS = YES_AGGRESSIVE;
				GCC_WARN_UNUSED_FUNCTION = YES;
				GCC_WARN_UNUSED_VARIABLE = YES;
				IPHONEOS_DEPLOYMENT_TARGET = 13.6;
				MTL_ENABLE_DEBUG_INFO = NO;
				MTL_FAST_MATH = YES;
				SDKROOT = iphoneos;
				SWIFT_COMPILATION_MODE = wholemodule;
				SWIFT_OPTIMIZATION_LEVEL = "-O";
				VALIDATE_PRODUCT = YES;
			};
			name = Release;
		};
		FAF398142614D6C0003E45B4 /* Debug */ = {
			isa = XCBuildConfiguration;
			buildSettings = {
				ASSETCATALOG_COMPILER_APPICON_NAME = AppIcon;
				ASSETCATALOG_COMPILER_GLOBAL_ACCENT_COLOR_NAME = AccentColor;
				CODE_SIGN_STYLE = Automatic;
				DEVELOPMENT_TEAM = 3G9UZZBWW9;
				INFOPLIST_FILE = LoginLogoutApp/Supporting/Info.plist;
				LD_RUNPATH_SEARCH_PATHS = (
					"$(inherited)",
					"@executable_path/Frameworks",
				);
				PRODUCT_BUNDLE_IDENTIFIER = IvanDemchenko.LoginLogoutApp;
				PRODUCT_NAME = "$(TARGET_NAME)";
				SWIFT_VERSION = 5.0;
				TARGETED_DEVICE_FAMILY = "1,2";
			};
			name = Debug;
		};
		FAF398152614D6C0003E45B4 /* Release */ = {
			isa = XCBuildConfiguration;
			buildSettings = {
				ASSETCATALOG_COMPILER_APPICON_NAME = AppIcon;
				ASSETCATALOG_COMPILER_GLOBAL_ACCENT_COLOR_NAME = AccentColor;
				CODE_SIGN_STYLE = Automatic;
				DEVELOPMENT_TEAM = 3G9UZZBWW9;
				INFOPLIST_FILE = LoginLogoutApp/Supporting/Info.plist;
				LD_RUNPATH_SEARCH_PATHS = (
					"$(inherited)",
					"@executable_path/Frameworks",
				);
				PRODUCT_BUNDLE_IDENTIFIER = IvanDemchenko.LoginLogoutApp;
				PRODUCT_NAME = "$(TARGET_NAME)";
				SWIFT_VERSION = 5.0;
				TARGETED_DEVICE_FAMILY = "1,2";
			};
			name = Release;
		};
/* End XCBuildConfiguration section */

/* Begin XCConfigurationList section */
		FAF397FA2614D6BF003E45B4 /* Build configuration list for PBXProject "LoginLogoutApp" */ = {
			isa = XCConfigurationList;
			buildConfigurations = (
				FAF398112614D6C0003E45B4 /* Debug */,
				FAF398122614D6C0003E45B4 /* Release */,
			);
			defaultConfigurationIsVisible = 0;
			defaultConfigurationName = Release;
		};
		FAF398132614D6C0003E45B4 /* Build configuration list for PBXNativeTarget "LoginLogoutApp" */ = {
			isa = XCConfigurationList;
			buildConfigurations = (
				FAF398142614D6C0003E45B4 /* Debug */,
				FAF398152614D6C0003E45B4 /* Release */,
			);
			defaultConfigurationIsVisible = 0;
			defaultConfigurationName = Release;
		};
/* End XCConfigurationList section */
	};
	rootObject = FAF397F72614D6BF003E45B4 /* Project object */;
}
